
Microsoft Visual Studio Solution File, Format Version 12.00
Project("{FAE04EC0-301F-11D3-BF4B-00C04F79EFBC}") = "Mars-Rover-Project", "Mars-Rover-Project\Mars-Rover-Project.csproj", "{7DC1FD88-CBC2-4657-8BB4-9607DCBD3D6A}"
EndProject
Project("{FAE04EC0-301F-11D3-BF4B-00C04F79EFBC}") = "Test", "Test\Test.csproj", "{6D87A69C-91B1-41FE-80F4-5EAD57C27EA2}"
EndProject
Global
	GlobalSection(SolutionConfigurationPlatforms) = preSolution
		Debug|Any CPU = Debug|Any CPU
		Release|Any CPU = Release|Any CPU
	EndGlobalSection
	GlobalSection(ProjectConfigurationPlatforms) = postSolution
		{7DC1FD88-CBC2-4657-8BB4-9607DCBD3D6A}.Debug|Any CPU.ActiveCfg = Debug|Any CPU
		{7DC1FD88-CBC2-4657-8BB4-9607DCBD3D6A}.Debug|Any CPU.Build.0 = Debug|Any CPU
		{7DC1FD88-CBC2-4657-8BB4-9607DCBD3D6A}.Release|Any CPU.ActiveCfg = Release|Any CPU
		{7DC1FD88-CBC2-4657-8BB4-9607DCBD3D6A}.Release|Any CPU.Build.0 = Release|Any CPU
		{6D87A69C-91B1-41FE-80F4-5EAD57C27EA2}.Debug|Any CPU.ActiveCfg = Debug|Any CPU
		{6D87A69C-91B1-41FE-80F4-5EAD57C27EA2}.Debug|Any CPU.Build.0 = Debug|Any CPU
		{6D87A69C-91B1-41FE-80F4-5EAD57C27EA2}.Release|Any CPU.ActiveCfg = Release|Any CPU
		{6D87A69C-91B1-41FE-80F4-5EAD57C27EA2}.Release|Any CPU.Build.0 = Release|Any CPU
	EndGlobalSection
EndGlobal
